{
  "nodes": {
    "home-manager": {
      "inputs": {
        "nixpkgs": [
          "nixpkgs"
        ]
      },
      "locked": {
        "lastModified": 1728903686,
        "narHash": "sha256-ZHFrGNWDDriZ4m8CA/5kDa250SG1LiiLPApv1p/JF0o=",
        "owner": "nix-community",
        "repo": "home-manager",
        "rev": "e1aec543f5caf643ca0d94b6a633101942fd065f",
        "type": "github"
      },
      "original": {
        "owner": "nix-community",
        "repo": "home-manager",
        "type": "github"
      }
    },
    "nixpkgs": {
      "locked": {
        "lastModified": 1728989675,
        "narHash": "sha256-+XkXgGqneIHNeS/buxgcGWrvIIV4P58B/6/qC5y2Baw=",
        "owner": "NixOS",
        "repo": "nixpkgs",
        "rev": "f5623c3bd0cbdd44f127699ef2678179ab1e0b23",
        "type": "github"
      },
      "original": {
        "owner": "NixOS",
        "repo": "nixpkgs",
        "type": "github"
      }
    },
    "root": {
      "inputs": {
        "home-manager": "home-manager",
        "nixpkgs": "nixpkgs"
      }
    }
  },
  "root": "root",
  "version": 7
}
